
Microsoft Visual Studio Solution File, Format Version 12.00
# Visual Studio Version 17
VisualStudioVersion = 17.14.36414.22 d17.14
MinimumVisualStudioVersion = 10.0.40219.1
Project("{FAE04EC0-301F-11D3-BF4B-00C04F79EFBC}") = "FirstProgram", "FirstProgram.csproj", "{EC77F93D-05D2-4CDF-8666-8435CFE0FB50}"
EndProject
Global
	GlobalSection(SolutionConfigurationPlatforms) = preSolution
		Debug|Any CPU = Debug|Any CPU
		Release|Any CPU = Release|Any CPU
	EndGlobalSection
	GlobalSection(ProjectConfigurationPlatforms) = postSolution
		{EC77F93D-05D2-4CDF-8666-8435CFE0FB50}.Debug|Any CPU.ActiveCfg = Debug|Any CPU
		{EC77F93D-05D2-4CDF-8666-8435CFE0FB50}.Debug|Any CPU.Build.0 = Debug|Any CPU
		{EC77F93D-05D2-4CDF-8666-8435CFE0FB50}.Release|Any CPU.ActiveCfg = Release|Any CPU
		{EC77F93D-05D2-4CDF-8666-8435CFE0FB50}.Release|Any CPU.Build.0 = Release|Any CPU
	EndGlobalSection
	GlobalSection(SolutionProperties) = preSolution
		HideSolutionNode = FALSE
	EndGlobalSection
	GlobalSection(ExtensibilityGlobals) = postSolution
		SolutionGuid = {9DAE0DB1-61F8-4A02-ABB9-991512406D74}
	EndGlobalSection
EndGlobal
